
Microsoft Visual Studio Solution File, Format Version 12.00
# Visual Studio Version 17
VisualStudioVersion = 17.11.35303.130
MinimumVisualStudioVersion = 10.0.40219.1
Project("{FAE04EC0-301F-11D3-BF4B-00C04F79EFBC}") = "ChinookNHDal", "ChinookNHDal\ChinookNHDal.csproj", "{FFBD8F09-5E51-4248-947F-1E10338D0A5F}"
EndProject
Project("{FAE04EC0-301F-11D3-BF4B-00C04F79EFBC}") = "ChinookNHDalUnitTests", "ChinookNHDalUnitTests\ChinookNHDalUnitTests.csproj", "{97BC2C0A-AF10-4210-804E-4040C5EDD972}"
EndProject
Global
	GlobalSection(SolutionConfigurationPlatforms) = preSolution
		Debug|Any CPU = Debug|Any CPU
		Release|Any CPU = Release|Any CPU
	EndGlobalSection
	GlobalSection(ProjectConfigurationPlatforms) = postSolution
		{FFBD8F09-5E51-4248-947F-1E10338D0A5F}.Debug|Any CPU.ActiveCfg = Debug|Any CPU
		{FFBD8F09-5E51-4248-947F-1E10338D0A5F}.Debug|Any CPU.Build.0 = Debug|Any CPU
		{FFBD8F09-5E51-4248-947F-1E10338D0A5F}.Release|Any CPU.ActiveCfg = Release|Any CPU
		{FFBD8F09-5E51-4248-947F-1E10338D0A5F}.Release|Any CPU.Build.0 = Release|Any CPU
		{97BC2C0A-AF10-4210-804E-4040C5EDD972}.Debug|Any CPU.ActiveCfg = Debug|Any CPU
		{97BC2C0A-AF10-4210-804E-4040C5EDD972}.Debug|Any CPU.Build.0 = Debug|Any CPU
		{97BC2C0A-AF10-4210-804E-4040C5EDD972}.Release|Any CPU.ActiveCfg = Release|Any CPU
		{97BC2C0A-AF10-4210-804E-4040C5EDD972}.Release|Any CPU.Build.0 = Release|Any CPU
	EndGlobalSection
	GlobalSection(SolutionProperties) = preSolution
		HideSolutionNode = FALSE
	EndGlobalSection
	GlobalSection(ExtensibilityGlobals) = postSolution
		SolutionGuid = {67342DC8-80AE-4E68-B5D3-0C2151852EC0}
	EndGlobalSection
EndGlobal
